Microsoft Visual Studio Solution File, Format Version 12.00
# Visual Studio 15
VisualStudioVersion = 15.0.26124.0
MinimumVisualStudioVersion = 15.0.26124.0
Project("{9A19103F-16F7-4668-BE54-9A1E7A4F7556}") = "BankU.Poc.Account.Api", "BankU.Poc.Account.Api\BankU.Poc.Account.Api.csproj", "{274994C9-A26C-4AFE-93AC-1AA73A52C859}"
EndProject
Project("{9A19103F-16F7-4668-BE54-9A1E7A4F7556}") = "BankU.Poc.Customer.Api", "BankU.Poc.Customer.Api\BankU.Poc.Customer.Api.csproj", "{B2B97130-7B3B-437B-9DB5-F3FF6CAB6CD3}"
EndProject
Project("{E53339B2-1760-4266-BCC7-CA923CBCF16C}") = "docker-compose", "docker-compose.dcproj", "{E6D2A406-DECC-4EDE-BCA8-5C86A4A67B4E}"
EndProject
Global
	GlobalSection(SolutionConfigurationPlatforms) = preSolution
		Debug|Any CPU = Debug|Any CPU
		Debug|x64 = Debug|x64
		Debug|x86 = Debug|x86
		Release|Any CPU = Release|Any CPU
		Release|x64 = Release|x64
		Release|x86 = Release|x86
	EndGlobalSection
	GlobalSection(ProjectConfigurationPlatforms) = postSolution
		{274994C9-A26C-4AFE-93AC-1AA73A52C859}.Debug|Any CPU.ActiveCfg = Debug|Any CPU
		{274994C9-A26C-4AFE-93AC-1AA73A52C859}.Debug|Any CPU.Build.0 = Debug|Any CPU
		{274994C9-A26C-4AFE-93AC-1AA73A52C859}.Debug|x64.ActiveCfg = Debug|Any CPU
		{274994C9-A26C-4AFE-93AC-1AA73A52C859}.Debug|x64.Build.0 = Debug|Any CPU
		{274994C9-A26C-4AFE-93AC-1AA73A52C859}.Debug|x86.ActiveCfg = Debug|Any CPU
		{274994C9-A26C-4AFE-93AC-1AA73A52C859}.Debug|x86.Build.0 = Debug|Any CPU
		{274994C9-A26C-4AFE-93AC-1AA73A52C859}.Release|Any CPU.ActiveCfg = Release|Any CPU
		{274994C9-A26C-4AFE-93AC-1AA73A52C859}.Release|Any CPU.Build.0 = Release|Any CPU
		{274994C9-A26C-4AFE-93AC-1AA73A52C859}.Release|x64.ActiveCfg = Release|Any CPU
		{274994C9-A26C-4AFE-93AC-1AA73A52C859}.Release|x64.Build.0 = Release|Any CPU
		{274994C9-A26C-4AFE-93AC-1AA73A52C859}.Release|x86.ActiveCfg = Release|Any CPU
		{274994C9-A26C-4AFE-93AC-1AA73A52C859}.Release|x86.Build.0 = Release|Any CPU
		{B2B97130-7B3B-437B-9DB5-F3FF6CAB6CD3}.Debug|Any CPU.ActiveCfg = Debug|Any CPU
		{B2B97130-7B3B-437B-9DB5-F3FF6CAB6CD3}.Debug|Any CPU.Build.0 = Debug|Any CPU
		{B2B97130-7B3B-437B-9DB5-F3FF6CAB6CD3}.Debug|x64.ActiveCfg = Debug|Any CPU
		{B2B97130-7B3B-437B-9DB5-F3FF6CAB6CD3}.Debug|x64.Build.0 = Debug|Any CPU
		{B2B97130-7B3B-437B-9DB5-F3FF6CAB6CD3}.Debug|x86.ActiveCfg = Debug|Any CPU
		{B2B97130-7B3B-437B-9DB5-F3FF6CAB6CD3}.Debug|x86.Build.0 = Debug|Any CPU
		{B2B97130-7B3B-437B-9DB5-F3FF6CAB6CD3}.Release|Any CPU.ActiveCfg = Release|Any CPU
		{B2B97130-7B3B-437B-9DB5-F3FF6CAB6CD3}.Release|Any CPU.Build.0 = Release|Any CPU
		{B2B97130-7B3B-437B-9DB5-F3FF6CAB6CD3}.Release|x64.ActiveCfg = Release|Any CPU
		{B2B97130-7B3B-437B-9DB5-F3FF6CAB6CD3}.Release|x64.Build.0 = Release|Any CPU
		{B2B97130-7B3B-437B-9DB5-F3FF6CAB6CD3}.Release|x86.ActiveCfg = Release|Any CPU
		{B2B97130-7B3B-437B-9DB5-F3FF6CAB6CD3}.Release|x86.Build.0 = Release|Any CPU
		{E6D2A406-DECC-4EDE-BCA8-5C86A4A67B4E}.Debug|Any CPU.ActiveCfg = Debug|Any CPU
		{E6D2A406-DECC-4EDE-BCA8-5C86A4A67B4E}.Debug|Any CPU.Build.0 = Debug|Any CPU
		{E6D2A406-DECC-4EDE-BCA8-5C86A4A67B4E}.Debug|x64.ActiveCfg = Debug|Any CPU
		{E6D2A406-DECC-4EDE-BCA8-5C86A4A67B4E}.Debug|x64.Build.0 = Debug|Any CPU
		{E6D2A406-DECC-4EDE-BCA8-5C86A4A67B4E}.Debug|x86.ActiveCfg = Debug|Any CPU
		{E6D2A406-DECC-4EDE-BCA8-5C86A4A67B4E}.Debug|x86.Build.0 = Debug|Any CPU
		{E6D2A406-DECC-4EDE-BCA8-5C86A4A67B4E}.Release|Any CPU.ActiveCfg = Release|Any CPU
		{E6D2A406-DECC-4EDE-BCA8-5C86A4A67B4E}.Release|Any CPU.Build.0 = Release|Any CPU
		{E6D2A406-DECC-4EDE-BCA8-5C86A4A67B4E}.Release|x64.ActiveCfg = Release|Any CPU
		{E6D2A406-DECC-4EDE-BCA8-5C86A4A67B4E}.Release|x64.Build.0 = Release|Any CPU
		{E6D2A406-DECC-4EDE-BCA8-5C86A4A67B4E}.Release|x86.ActiveCfg = Release|Any CPU
		{E6D2A406-DECC-4EDE-BCA8-5C86A4A67B4E}.Release|x86.Build.0 = Release|Any CPU
	EndGlobalSection
	GlobalSection(SolutionProperties) = preSolution
		HideSolutionNode = FALSE
	EndGlobalSection
	GlobalSection(ExtensibilityGlobals) = postSolution
		SolutionGuid = {582ED61E-5BDD-4027-A269-D8BF82C5C5F0}
	EndGlobalSection
EndGlobal
